# This file is automatically generated by Poetry and should be committed to version control.
# It will be generated when running: poetry install
# For now, this is a placeholder. Run 'poetry lock' to generate the actual lock file.

[[package]]
name = "placeholder"
version = "0.0.0"
description = "Placeholder - run 'poetry lock' to generate actual dependencies"
category = "main"
optional = false
python-versions = "*"

[metadata]
lock-version = "2.0"
python-versions = "^3.11"
content-hash = "placeholder"
